lockfileVersion: '9.0'

settings:
  autoInstallPeers: true
  excludeLinksFromLockfile: false

importers:

  .:
    dependencies:
      phaser:
        specifier: ^3.90.0
        version: 3.90.0
      vue:
        specifier: 3.5.13
        version: 3.5.13(typescript@5.7.3)
    devDependencies:
      '@types/node':
        specifier: ^20.11.20
        version: 20.19.23
      '@vitejs/plugin-vue':
        specifier: ^5.2.2
        version: 5.2.4(vite@6.4.1(@types/node@20.19.23)(terser@5.44.0))(vue@3.5.13(typescript@5.7.3))
      '@vue/tsconfig':
        specifier: ^0.7.0
        version: 0.7.0(typescript@5.7.3)(vue@3.5.13(typescript@5.7.3))
      terser:
        specifier: ^5.31.0
        version: 5.44.0
      typescript:
        specifier: ~5.7.2
        version: 5.7.3
      vite:
        specifier: ^6.3.1
        version: 6.4.1(@types/node@20.19.23)(terser@5.44.0)
      vue-tsc:
        specifier: ^2.2.8
        version: 2.2.12(typescript@5.7.3)

packages:

  '@babel/helper-string-parser@7.27.1':
    resolution: {integrity: sha1-VNp5YJerGc5n7Z+ItHuy7Ek2doc=}
    engines: {node: '>=6.9.0'}

  '@babel/helper-validator-identifier@7.27.1':
    resolution: {integrity: sha1-pwVNzBRaln3U3I/uhFpXwTFsnfg=}
    engines: {node: '>=6.9.0'}

  '@babel/parser@7.28.4':
    resolution: {integrity: sha1-2iXUZDUyiQkyzAP3cF/hljfgP6g=}
    engines: {node: '>=6.0.0'}
    hasBin: true

  '@babel/types@7.28.4':
    resolution: {integrity: sha1-Ck5hj0xgp81sEcstSAYOTb44rDo=}
    engines: {node: '>=6.9.0'}

  '@esbuild/aix-ppc64@0.25.11':
    resolution: {integrity: sha1-KuMzAFmBMsxM9YDbuyjTD+08XEk=}
    engines: {node: '>=18'}
    cpu: [ppc64]
    os: [aix]

  '@esbuild/android-arm64@0.25.11':
    resolution: {integrity: sha1-kncIs9tdc51st3CRNpJMyBvsmwM=}
    engines: {node: '>=18'}
    cpu: [arm64]
    os: [android]

  '@esbuild/android-arm@0.25.11':
    resolution: {integrity: sha1-Vx+U5/QGiVfsTCz7kH3q49AbVa4=}
    engines: {node: '>=18'}
    cpu: [arm]
    os: [android]

  '@esbuild/android-x64@0.25.11':
    resolution: {integrity: sha1-ijv1yubFYMfs7KMVCyveduD7geY=}
    engines: {node: '>=18'}
    cpu: [x64]
    os: [android]

  '@esbuild/darwin-arm64@0.25.11':
    resolution: {integrity: sha1-CmeMSsS/hxfmdIHhp5fmwVL5PIQ=}
    engines: {node: '>=18'}
    cpu: [arm64]
    os: [darwin]

  '@esbuild/darwin-x64@0.25.11':
    resolution: {integrity: sha1-cPXpJaMMgwnxKU1Ael5eAC4DFf4=}
    engines: {node: '>=18'}
    cpu: [x64]
    os: [darwin]

  '@esbuild/freebsd-arm64@0.25.11':
    resolution: {integrity: sha1-TsHbaHxbK3i0QUgCXaljI5dVPoo=}
    engines: {node: '>=18'}
    cpu: [arm64]
    os: [freebsd]

  '@esbuild/freebsd-x64@0.25.11':
    resolution: {integrity: sha1-TIGr0bFC8ems/vjFFT1DjKU/RLs=}
    engines: {node: '>=18'}
    cpu: [x64]
    os: [freebsd]

  '@esbuild/linux-arm64@0.25.11':
    resolution: {integrity: sha1-aVF6ERrPwrk6oPterrg0wCAszaU=}
    engines: {node: '>=18'}
    cpu: [arm64]
    os: [linux]

  '@esbuild/linux-arm@0.25.11':
    resolution: {integrity: sha1-WNrCbq4tug+sVAUFK5AC2sCI048=}
    engines: {node: '>=18'}
    cpu: [arm]
    os: [linux]

  '@esbuild/linux-ia32@0.25.11':
    resolution: {integrity: sha1-uJ1O/pva1GupRPDzuN3UCDQmjCs=}
    engines: {node: '>=18'}
    cpu: [ia32]
    os: [linux]

  '@esbuild/linux-loong64@0.25.11':
    resolution: {integrity: sha1-EfYDy2CtFDksP1yU1ks8yLYw++s=}
    engines: {node: '>=18'}
    cpu: [loong64]
    os: [linux]

  '@esbuild/linux-mips64el@0.25.11':
    resolution: {integrity: sha1-t9RH/wZ2uKskfWnaxApc8I5e6vU=}
    engines: {node: '>=18'}
    cpu: [mips64el]
    os: [linux]

  '@esbuild/linux-ppc64@0.25.11':
    resolution: {integrity: sha1-s6KO18wlKmGwf/fI/YqYT/06L3Q=}
    engines: {node: '>=18'}
    cpu: [ppc64]
    os: [linux]

  '@esbuild/linux-riscv64@0.25.11':
    resolution: {integrity: sha1-znWwj32HGnXtz00hJfULIdydwnM=}
    engines: {node: '>=18'}
    cpu: [riscv64]
    os: [linux]

  '@esbuild/linux-s390x@0.25.11':
    resolution: {integrity: sha1-zQj2xztrb/nM2qu9P/atPcqZwmM=}
    engines: {node: '>=18'}
    cpu: [s390x]
    os: [linux]

  '@esbuild/linux-x64@0.25.11':
    resolution: {integrity: sha1-PDcYrzGpXYlG69PDK7Hmmb33SRA=}
    engines: {node: '>=18'}
    cpu: [x64]
    os: [linux]

  '@esbuild/netbsd-arm64@0.25.11':
    resolution: {integrity: sha1-tMdnCCQB46ToWV/lPEfNfwl8gHc=}
    engines: {node: '>=18'}
    cpu: [arm64]
    os: [netbsd]

  '@esbuild/netbsd-x64@0.25.11':
    resolution: {integrity: sha1-8qkwRY7SlB0fEevDS5x9Yfek0DQ=}
    engines: {node: '>=18'}
    cpu: [x64]
    os: [netbsd]

  '@esbuild/openbsd-arm64@0.25.11':
    resolution: {integrity: sha1-tK6Tx1rsSLweigFUlXoF8GQfLa0=}
    engines: {node: '>=18'}
    cpu: [arm64]
    os: [openbsd]

  '@esbuild/openbsd-x64@0.25.11':
    resolution: {integrity: sha1-tChjlZyNz5sBWBUi5AAS0scAReI=}
    engines: {node: '>=18'}
    cpu: [x64]
    os: [openbsd]

  '@esbuild/openharmony-arm64@0.25.11':
    resolution: {integrity: sha1-sucXFByP32vd1AEPCRLms54WQPE=}
    engines: {node: '>=18'}
    cpu: [arm64]
    os: [openharmony]

  '@esbuild/sunos-x64@0.25.11':
    resolution: {integrity: sha1-n76h/r6HeJJ4BIKIg+wPbdgOskQ=}
    engines: {node: '>=18'}
    cpu: [x64]
    os: [sunos]

  '@esbuild/win32-arm64@0.25.11':
    resolution: {integrity: sha1-UBU5ztskRoM2BzODmJpzIwBaiTU=}
    engines: {node: '>=18'}
    cpu: [arm64]
    os: [win32]

  '@esbuild/win32-ia32@0.25.11':
    resolution: {integrity: sha1-iscimqgs748W/7WPEXapc6ehU0M=}
    engines: {node: '>=18'}
    cpu: [ia32]
    os: [win32]

  '@esbuild/win32-x64@0.25.11':
    resolution: {integrity: sha1-Xs2m8/4Ti35Fb05Cnt3jPII/OS8=}
    engines: {node: '>=18'}
    cpu: [x64]
    os: [win32]

  '@jridgewell/gen-mapping@0.3.13':
    resolution: {integrity: sha1-Y0Khn0Q0dRjJPkOxrGnes8Rlah8=}

  '@jridgewell/resolve-uri@3.1.2':
    resolution: {integrity: sha1-eg7mAfYPmaIMfHxf8MgDiMEYm9Y=}
    engines: {node: '>=6.0.0'}

  '@jridgewell/source-map@0.3.11':
    resolution: {integrity: sha1-shg1y9Nttla4V8KtAuvUE8wTqbo=}

  '@jridgewell/sourcemap-codec@1.5.5':
    resolution: {integrity: sha1-aRKwDSxjHA0Vzhp6tXzWV/Ko+Lo=}

  '@jridgewell/trace-mapping@0.3.31':
    resolution: {integrity: sha1-2xXWeByTHzolGj2sOVAcmKYIL9A=}

  '@rollup/rollup-android-arm-eabi@4.52.5':
    resolution: {integrity: sha1-D0Si+GaO2HsEC2/mWTWKySOdpNs=}
    cpu: [arm]
    os: [android]

  '@rollup/rollup-android-arm64@4.52.5':
    resolution: {integrity: sha1-JbmgHe72UYqUhDFWTJh7yyBSdPU=}
    cpu: [arm64]
    os: [android]

  '@rollup/rollup-darwin-arm64@4.52.5':
    resolution: {integrity: sha1-ihAoaciPN4DH1eZ3av0/GQhOzX8=}
    cpu: [arm64]
    os: [darwin]

  '@rollup/rollup-darwin-x64@4.52.5':
    resolution: {integrity: sha1-jlJkF81vVNrx0MBM82EWAhZYGVY=}
    cpu: [x64]
    os: [darwin]

  '@rollup/rollup-freebsd-arm64@4.52.5':
    resolution: {integrity: sha1-DnAnBUST80CbHyGaPqxe/RKO+Jk=}
    cpu: [arm64]
    os: [freebsd]

  '@rollup/rollup-freebsd-x64@4.52.5':
    resolution: {integrity: sha1-crIEqSATnp7D0zG9nP2aDCSMyxA=}
    cpu: [x64]
    os: [freebsd]

  '@rollup/rollup-linux-arm-gnueabihf@4.52.5':
    resolution: {integrity: sha1-qxtSLr5bfgbJlQTMOPbNi4CLpBw=}
    cpu: [arm]
    os: [linux]
    libc: [glibc]

  '@rollup/rollup-linux-arm-musleabihf@4.52.5':
    resolution: {integrity: sha1-+Mwwtjjx7n49GOrCSvR+op2b6wA=}
    cpu: [arm]
    os: [linux]
    libc: [musl]

  '@rollup/rollup-linux-arm64-gnu@4.52.5':
    resolution: {integrity: sha1-evN6noXyXbWdyCFBcpB7fhRsEsw=}
    cpu: [arm64]
    os: [linux]
    libc: [glibc]

  '@rollup/rollup-linux-arm64-musl@4.52.5':
    resolution: {integrity: sha1-piPrDTYXwDt6c3FuuFxuN7d29+A=}
    cpu: [arm64]
    os: [linux]
    libc: [musl]

  '@rollup/rollup-linux-loong64-gnu@4.52.5':
    resolution: {integrity: sha1-duoDi1ScXGxfDQYpQmJ8QGZkLuI=}
    cpu: [loong64]
    os: [linux]
    libc: [glibc]

  '@rollup/rollup-linux-ppc64-gnu@4.52.5':
    resolution: {integrity: sha1-2aTD8KNJK8ePb9/oExrGHHNZzNU=}
    cpu: [ppc64]
    os: [linux]
    libc: [glibc]

  '@rollup/rollup-linux-riscv64-gnu@4.52.5':
    resolution: {integrity: sha1-h6sDPuvRqaHde2BQn2Mz7B+C2ZQ=}
    cpu: [riscv64]
    os: [linux]
    libc: [glibc]

  '@rollup/rollup-linux-riscv64-musl@4.52.5':
    resolution: {integrity: sha1-vaPrZ+HJk8G6ErycL2lOdwOVjZ8=}
    cpu: [riscv64]
    os: [linux]
    libc: [musl]

  '@rollup/rollup-linux-s390x-gnu@4.52.5':
    resolution: {integrity: sha1-97wQ++CWq0RpQjPcQqIpHtVFPUs=}
    cpu: [s390x]
    os: [linux]
    libc: [glibc]

  '@rollup/rollup-linux-x64-gnu@4.52.5':
    resolution: {integrity: sha1-oVHLEjTMmyz16M/AKqkUNrj54ng=}
    cpu: [x64]
    os: [linux]
    libc: [glibc]

  '@rollup/rollup-linux-x64-musl@4.52.5':
    resolution: {integrity: sha1-eFnhllAcw7MGLUXSd2z7TS86k1A=}
    cpu: [x64]
    os: [linux]
    libc: [musl]

  '@rollup/rollup-openharmony-arm64@4.52.5':
    resolution: {integrity: sha1-hdDfcjNzTfMeVHweZH0qUwCzvzA=}
    cpu: [arm64]
    os: [openharmony]

  '@rollup/rollup-win32-arm64-msvc@4.52.5':
    resolution: {integrity: sha1-5iNX0ARY2xcne4itv2kLuFXKyTc=}
    cpu: [arm64]
    os: [win32]

  '@rollup/rollup-win32-ia32-msvc@4.52.5':
    resolution: {integrity: sha1-/HzUD0SDSnA8Hxw/6LzCfOR2zVA=}
    cpu: [ia32]
    os: [win32]

  '@rollup/rollup-win32-x64-gnu@4.52.5':
    resolution: {integrity: sha1-GiKs/JPGSmSkjEJnLoV+5Rd00NM=}
    cpu: [x64]
    os: [win32]

  '@rollup/rollup-win32-x64-msvc@4.52.5':
    resolution: {integrity: sha1-Flf1Yya74KyA7tyfnBj8Hd0k4Qc=}
    cpu: [x64]
    os: [win32]

  '@types/estree@1.0.8':
    resolution: {integrity: sha1-lYuRyZGxhnztMYvt6g4hXuBQcm4=}

  '@types/node@20.19.23':
    resolution: {integrity: sha1-femTicgUBxzKeGVqMkPyJP7XRT0=}

  '@vitejs/plugin-vue@5.2.4':
    resolution: {integrity: sha1-nopRLrF0v8KjM7qVm7+d5CjYmtg=}
    engines: {node: ^18.0.0 || >=20.0.0}
    peerDependencies:
      vite: ^5.0.0 || ^6.0.0
      vue: ^3.2.25

  '@volar/language-core@2.4.15':
    resolution: {integrity: sha1-dZ0Ey06rmSBWC4vPpFFdWwiht84=}

  '@volar/source-map@2.4.15':
    resolution: {integrity: sha1-GKugmZTAJo5ZpBj51zjkqFMCeB0=}

  '@volar/typescript@2.4.15':
    resolution: {integrity: sha1-FEXSP45Pmtghtr+ljPSiuYDcX5c=}

  '@vue/compiler-core@3.5.13':
    resolution: {integrity: sha1-sK5sQ0f2DAPoSaBdNOW/dHyb2gU=}

  '@vue/compiler-core@3.5.22':
    resolution: {integrity: sha1-u4KUoN0x31QFY8xv+gRW8fdoe5c=}

  '@vue/compiler-dom@3.5.13':
    resolution: {integrity: sha1-uxuHWNvFQrNljdqXO5ihyTEailg=}

  '@vue/compiler-dom@3.5.22':
    resolution: {integrity: sha1-bJwsmENSD209vGheXQ4eEqLATFY=}

  '@vue/compiler-sfc@3.5.13':
    resolution: {integrity: sha1-Rh+L00O1wG+sQYnE/vivMt6oK0Y=}

  '@vue/compiler-ssr@3.5.13':
    resolution: {integrity: sha1-53GtzKbT0AD5GkJ3yXKpltB/Q7o=}

  '@vue/compiler-vue2@2.7.16':
    resolution: {integrity: sha1-K6g3y9PxszwryGX74aO1P7YR4kk=}

  '@vue/language-core@2.2.12':
    resolution: {integrity: sha1-0B9+hl9ZP5aMtlwSoT2DN+ZWQfA=}
    peerDependencies:
      typescript: '*'
    peerDependenciesMeta:
      typescript:
        optional: true

  '@vue/reactivity@3.5.13':
    resolution: {integrity: sha1-tB/yu4ZeCTiZoiIZ9bJfl7b+FV8=}

  '@vue/runtime-core@3.5.13':
    resolution: {integrity: sha1-H6+kvwuXrw692dv+mM1jDaNjpFU=}

  '@vue/runtime-dom@3.5.13':
    resolution: {integrity: sha1-YQ/Hld6SRjAOiuiGWTDVNOEkYhU=}

  '@vue/server-renderer@3.5.13':
    resolution: {integrity: sha1-Qp6tYu5R3niWRsIu/pCOSJqtRvc=}
    peerDependencies:
      vue: 3.5.13

  '@vue/shared@3.5.13':
    resolution: {integrity: sha1-h7MJpjecIrkm5paJMjeCb2Qzm28=}

  '@vue/shared@3.5.22':
    resolution: {integrity: sha1-nVahZEo77LivHjRlWSiw4ojYJ/g=}

  '@vue/tsconfig@0.7.0':
    resolution: {integrity: sha1-ZwRMhHt6E3uMv9ayMQTDbbr4DR0=}
    peerDependencies:
      typescript: 5.x
      vue: ^3.4.0
    peerDependenciesMeta:
      typescript:
        optional: true
      vue:
        optional: true

  acorn@8.15.0:
    resolution: {integrity: sha1-o2CJi8QV7arEbIJB9jg5dbkwuBY=}
    engines: {node: '>=0.4.0'}
    hasBin: true

  alien-signals@1.0.13:
    resolution: {integrity: sha1-jW23NGL3Qu5riWcfvYw30LFyen4=}

  balanced-match@1.0.2:
    resolution: {integrity: sha1-6D46fj8wCzTLnYf2FfoMvzV2kO4=}

  brace-expansion@2.0.2:
    resolution: {integrity: sha1-VPxTI3phPYVMe9N0Y6rRffhyFOc=}

  buffer-from@1.1.2:
    resolution: {integrity: sha1-KxRqb9cugLT1XSVfNe1Zo6mkG9U=}

  commander@2.20.3:
    resolution: {integrity: sha1-/UhehMA+tIgcIHIrpIA16FMa6zM=}

  csstype@3.1.3:
    resolution: {integrity: sha1-2A/ylNEU+w5qxQD7+FtgE31+/4E=}

  de-indent@1.0.2:
    resolution: {integrity: sha1-sgOOhG3DO6pXlhKNCAS0VbjB4h0=}

  entities@4.5.0:
    resolution: {integrity: sha1-XSaOpecRPsdMTQM7eepaNaSI+0g=}
    engines: {node: '>=0.12'}

  esbuild@0.25.11:
    resolution: {integrity: sha1-DzG4LzNWUlgPde9ol7uoGWLZrj0=}
    engines: {node: '>=18'}
    hasBin: true

  estree-walker@2.0.2:
    resolution: {integrity: sha1-UvAQF4wqTBF6d1fP6UKtt9LaTKw=}

  eventemitter3@5.0.1:
    resolution: {integrity: sha1-U/X/0KSSrIAHIbtCxmuEHelkI8Q=}

  fdir@6.5.0:
    resolution: {integrity: sha1-7Sq5Z6MxreYvGNB32uGSaE1Q01A=}
    engines: {node: '>=12.0.0'}
    peerDependencies:
      picomatch: ^3 || ^4
    peerDependenciesMeta:
      picomatch:
        optional: true

  fsevents@2.3.3:
    resolution: {integrity: sha1-ysZAd4XQNnWipeGlMFxpezR9kNY=}
    engines: {node: ^8.16.0 || ^10.6.0 || >=11.0.0}
    os: [darwin]

  he@1.2.0:
    resolution: {integrity: sha1-hK5l+n6vsWX922FWauFLrwVmTw8=}
    hasBin: true

  magic-string@0.30.19:
    resolution: {integrity: sha1-zr6fEE5WVgLl0gmMXy55p3zIbak=}

  minimatch@9.0.5:
    resolution: {integrity: sha1-10+d1rV9g9jpjPuCEzsDl4vJKeU=}
    engines: {node: '>=16 || 14 >=14.17'}

  muggle-string@0.4.1:
    resolution: {integrity: sha1-OzZr1Dsy+AncIGWVNN0w58ig0yg=}

  nanoid@3.3.11:
    resolution: {integrity: sha1-T08RLO++MDIC8hmYOBKJNiZtGFs=}
    engines: {node: ^10 || ^12 || ^13.7 || ^14 || >=15.0.1}
    hasBin: true

  path-browserify@1.0.1:
    resolution: {integrity: sha1-2YRUqcN1PVeQhg8W9ohnueRr4f0=}

  phaser@3.90.0:
    resolution: {integrity: sha1-ooGy5eZ+w2OMv3PqO7/nK1LE594=}

  picocolors@1.1.1:
    resolution: {integrity: sha1-PTIa8+q5ObCDyPkpodEs2oHCa2s=}

  picomatch@4.0.3:
    resolution: {integrity: sha1-eWx2E20e6tcV2x57rXhd7daVoEI=}
    engines: {node: '>=12'}

  postcss@8.5.6:
    resolution: {integrity: sha1-KCUAZhWmGbT2Kp50JswSCzSajzw=}
    engines: {node: ^10 || ^12 || >=14}

  rollup@4.52.5:
    resolution: {integrity: sha1-lpgs3K7c3VGxI1mYHyQPlDBOwjU=}
    engines: {node: '>=18.0.0', npm: '>=8.0.0'}
    hasBin: true

  source-map-js@1.2.1:
    resolution: {integrity: sha1-HOVlD93YerwJnto33P8CTCZnrkY=}
    engines: {node: '>=0.10.0'}

  source-map-support@0.5.21:
    resolution: {integrity: sha1-BP58f54e0tZiIzwoyys1ufY/bk8=}

  source-map@0.6.1:
    resolution: {integrity: sha1-dHIq8y6WFOnCh6jQu95IteLxomM=}
    engines: {node: '>=0.10.0'}

  terser@5.44.0:
    resolution: {integrity: sha1-6++45bhXnZMRG/38OdLPY4efSoI=}
    engines: {node: '>=10'}
    hasBin: true

  tinyglobby@0.2.15:
    resolution: {integrity: sha1-4ijdHmOM6pk9L9tPzS1GAqeZUcI=}
    engines: {node: '>=12.0.0'}

  typescript@5.7.3:
    resolution: {integrity: sha1-kZtEp9u4WDqbhW0WK+JKVL+ABz4=}
    engines: {node: '>=14.17'}
    hasBin: true

  undici-types@6.21.0:
    resolution: {integrity: sha1-aR0ArzkJvpOn+qE75hs6W1DvEss=}

  vite@6.4.1:
    resolution: {integrity: sha1-r74UUYzdaIfiQKSwIhq20M5zP5Y=}
    engines: {node: ^18.0.0 || ^20.0.0 || >=22.0.0}
    hasBin: true
    peerDependencies:
      '@types/node': ^18.0.0 || ^20.0.0 || >=22.0.0
      jiti: '>=1.21.0'
      less: '*'
      lightningcss: ^1.21.0
      sass: '*'
      sass-embedded: '*'
      stylus: '*'
      sugarss: '*'
      terser: ^5.16.0
      tsx: ^4.8.1
      yaml: ^2.4.2
    peerDependenciesMeta:
      '@types/node':
        optional: true
      jiti:
        optional: true
      less:
        optional: true
      lightningcss:
        optional: true
      sass:
        optional: true
      sass-embedded:
        optional: true
      stylus:
        optional: true
      sugarss:
        optional: true
      terser:
        optional: true
      tsx:
        optional: true
      yaml:
        optional: true

  vscode-uri@3.1.0:
    resolution: {integrity: sha1-3QnsWmaji1w//8d0AVcTSW0U4Jw=}

  vue-tsc@2.2.12:
    resolution: {integrity: sha1-X3GbCO9zkKdjwaIBacpcnQnVVog=}
    hasBin: true
    peerDependencies:
      typescript: '>=5.0.0'

  vue@3.5.13:
    resolution: {integrity: sha1-n3YKGpgrCcDASoZ5A/wznJ8p7Ao=}
    peerDependencies:
      typescript: '*'
    peerDependenciesMeta:
      typescript:
        optional: true

snapshots:

  '@babel/helper-string-parser@7.27.1': {}

  '@babel/helper-validator-identifier@7.27.1': {}

  '@babel/parser@7.28.4':
    dependencies:
      '@babel/types': 7.28.4

  '@babel/types@7.28.4':
    dependencies:
      '@babel/helper-string-parser': 7.27.1
      '@babel/helper-validator-identifier': 7.27.1

  '@esbuild/aix-ppc64@0.25.11':
    optional: true

  '@esbuild/android-arm64@0.25.11':
    optional: true

  '@esbuild/android-arm@0.25.11':
    optional: true

  '@esbuild/android-x64@0.25.11':
    optional: true

  '@esbuild/darwin-arm64@0.25.11':
    optional: true

  '@esbuild/darwin-x64@0.25.11':
    optional: true

  '@esbuild/freebsd-arm64@0.25.11':
    optional: true

  '@esbuild/freebsd-x64@0.25.11':
    optional: true

  '@esbuild/linux-arm64@0.25.11':
    optional: true

  '@esbuild/linux-arm@0.25.11':
    optional: true

  '@esbuild/linux-ia32@0.25.11':
    optional: true

  '@esbuild/linux-loong64@0.25.11':
    optional: true

  '@esbuild/linux-mips64el@0.25.11':
    optional: true

  '@esbuild/linux-ppc64@0.25.11':
    optional: true

  '@esbuild/linux-riscv64@0.25.11':
    optional: true

  '@esbuild/linux-s390x@0.25.11':
    optional: true

  '@esbuild/linux-x64@0.25.11':
    optional: true

  '@esbuild/netbsd-arm64@0.25.11':
    optional: true

  '@esbuild/netbsd-x64@0.25.11':
    optional: true

  '@esbuild/openbsd-arm64@0.25.11':
    optional: true

  '@esbuild/openbsd-x64@0.25.11':
    optional: true

  '@esbuild/openharmony-arm64@0.25.11':
    optional: true

  '@esbuild/sunos-x64@0.25.11':
    optional: true

  '@esbuild/win32-arm64@0.25.11':
    optional: true

  '@esbuild/win32-ia32@0.25.11':
    optional: true

  '@esbuild/win32-x64@0.25.11':
    optional: true

  '@jridgewell/gen-mapping@0.3.13':
    dependencies:
      '@jridgewell/sourcemap-codec': 1.5.5
      '@jridgewell/trace-mapping': 0.3.31

  '@jridgewell/resolve-uri@3.1.2': {}

  '@jridgewell/source-map@0.3.11':
    dependencies:
      '@jridgewell/gen-mapping': 0.3.13
      '@jridgewell/trace-mapping': 0.3.31

  '@jridgewell/sourcemap-codec@1.5.5': {}

  '@jridgewell/trace-mapping@0.3.31':
    dependencies:
      '@jridgewell/resolve-uri': 3.1.2
      '@jridgewell/sourcemap-codec': 1.5.5

  '@rollup/rollup-android-arm-eabi@4.52.5':
    optional: true

  '@rollup/rollup-android-arm64@4.52.5':
    optional: true

  '@rollup/rollup-darwin-arm64@4.52.5':
    optional: true

  '@rollup/rollup-darwin-x64@4.52.5':
    optional: true

  '@rollup/rollup-freebsd-arm64@4.52.5':
    optional: true

  '@rollup/rollup-freebsd-x64@4.52.5':
    optional: true

  '@rollup/rollup-linux-arm-gnueabihf@4.52.5':
    optional: true

  '@rollup/rollup-linux-arm-musleabihf@4.52.5':
    optional: true

  '@rollup/rollup-linux-arm64-gnu@4.52.5':
    optional: true

  '@rollup/rollup-linux-arm64-musl@4.52.5':
    optional: true

  '@rollup/rollup-linux-loong64-gnu@4.52.5':
    optional: true

  '@rollup/rollup-linux-ppc64-gnu@4.52.5':
    optional: true

  '@rollup/rollup-linux-riscv64-gnu@4.52.5':
    optional: true

  '@rollup/rollup-linux-riscv64-musl@4.52.5':
    optional: true

  '@rollup/rollup-linux-s390x-gnu@4.52.5':
    optional: true

  '@rollup/rollup-linux-x64-gnu@4.52.5':
    optional: true

  '@rollup/rollup-linux-x64-musl@4.52.5':
    optional: true

  '@rollup/rollup-openharmony-arm64@4.52.5':
    optional: true

  '@rollup/rollup-win32-arm64-msvc@4.52.5':
    optional: true

  '@rollup/rollup-win32-ia32-msvc@4.52.5':
    optional: true

  '@rollup/rollup-win32-x64-gnu@4.52.5':
    optional: true

  '@rollup/rollup-win32-x64-msvc@4.52.5':
    optional: true

  '@types/estree@1.0.8': {}

  '@types/node@20.19.23':
    dependencies:
      undici-types: 6.21.0

  '@vitejs/plugin-vue@5.2.4(vite@6.4.1(@types/node@20.19.23)(terser@5.44.0))(vue@3.5.13(typescript@5.7.3))':
    dependencies:
      vite: 6.4.1(@types/node@20.19.23)(terser@5.44.0)
      vue: 3.5.13(typescript@5.7.3)

  '@volar/language-core@2.4.15':
    dependencies:
      '@volar/source-map': 2.4.15

  '@volar/source-map@2.4.15': {}

  '@volar/typescript@2.4.15':
    dependencies:
      '@volar/language-core': 2.4.15
      path-browserify: 1.0.1
      vscode-uri: 3.1.0

  '@vue/compiler-core@3.5.13':
    dependencies:
      '@babel/parser': 7.28.4
      '@vue/shared': 3.5.13
      entities: 4.5.0
      estree-walker: 2.0.2
      source-map-js: 1.2.1

  '@vue/compiler-core@3.5.22':
    dependencies:
      '@babel/parser': 7.28.4
      '@vue/shared': 3.5.22
      entities: 4.5.0
      estree-walker: 2.0.2
      source-map-js: 1.2.1

  '@vue/compiler-dom@3.5.13':
    dependencies:
      '@vue/compiler-core': 3.5.13
      '@vue/shared': 3.5.13

  '@vue/compiler-dom@3.5.22':
    dependencies:
      '@vue/compiler-core': 3.5.22
      '@vue/shared': 3.5.22

  '@vue/compiler-sfc@3.5.13':
    dependencies:
      '@babel/parser': 7.28.4
      '@vue/compiler-core': 3.5.13
      '@vue/compiler-dom': 3.5.13
      '@vue/compiler-ssr': 3.5.13
      '@vue/shared': 3.5.13
      estree-walker: 2.0.2
      magic-string: 0.30.19
      postcss: 8.5.6
      source-map-js: 1.2.1

  '@vue/compiler-ssr@3.5.13':
    dependencies:
      '@vue/compiler-dom': 3.5.13
      '@vue/shared': 3.5.13

  '@vue/compiler-vue2@2.7.16':
    dependencies:
      de-indent: 1.0.2
      he: 1.2.0

  '@vue/language-core@2.2.12(typescript@5.7.3)':
    dependencies:
      '@volar/language-core': 2.4.15
      '@vue/compiler-dom': 3.5.22
      '@vue/compiler-vue2': 2.7.16
      '@vue/shared': 3.5.22
      alien-signals: 1.0.13
      minimatch: 9.0.5
      muggle-string: 0.4.1
      path-browserify: 1.0.1
    optionalDependencies:
      typescript: 5.7.3

  '@vue/reactivity@3.5.13':
    dependencies:
      '@vue/shared': 3.5.13

  '@vue/runtime-core@3.5.13':
    dependencies:
      '@vue/reactivity': 3.5.13
      '@vue/shared': 3.5.13

  '@vue/runtime-dom@3.5.13':
    dependencies:
      '@vue/reactivity': 3.5.13
      '@vue/runtime-core': 3.5.13
      '@vue/shared': 3.5.13
      csstype: 3.1.3

  '@vue/server-renderer@3.5.13(vue@3.5.13(typescript@5.7.3))':
    dependencies:
      '@vue/compiler-ssr': 3.5.13
      '@vue/shared': 3.5.13
      vue: 3.5.13(typescript@5.7.3)

  '@vue/shared@3.5.13': {}

  '@vue/shared@3.5.22': {}

  '@vue/tsconfig@0.7.0(typescript@5.7.3)(vue@3.5.13(typescript@5.7.3))':
    optionalDependencies:
      typescript: 5.7.3
      vue: 3.5.13(typescript@5.7.3)

  acorn@8.15.0: {}

  alien-signals@1.0.13: {}

  balanced-match@1.0.2: {}

  brace-expansion@2.0.2:
    dependencies:
      balanced-match: 1.0.2

  buffer-from@1.1.2: {}

  commander@2.20.3: {}

  csstype@3.1.3: {}

  de-indent@1.0.2: {}

  entities@4.5.0: {}

  esbuild@0.25.11:
    optionalDependencies:
      '@esbuild/aix-ppc64': 0.25.11
      '@esbuild/android-arm': 0.25.11
      '@esbuild/android-arm64': 0.25.11
      '@esbuild/android-x64': 0.25.11
      '@esbuild/darwin-arm64': 0.25.11
      '@esbuild/darwin-x64': 0.25.11
      '@esbuild/freebsd-arm64': 0.25.11
      '@esbuild/freebsd-x64': 0.25.11
      '@esbuild/linux-arm': 0.25.11
      '@esbuild/linux-arm64': 0.25.11
      '@esbuild/linux-ia32': 0.25.11
      '@esbuild/linux-loong64': 0.25.11
      '@esbuild/linux-mips64el': 0.25.11
      '@esbuild/linux-ppc64': 0.25.11
      '@esbuild/linux-riscv64': 0.25.11
      '@esbuild/linux-s390x': 0.25.11
      '@esbuild/linux-x64': 0.25.11
      '@esbuild/netbsd-arm64': 0.25.11
      '@esbuild/netbsd-x64': 0.25.11
      '@esbuild/openbsd-arm64': 0.25.11
      '@esbuild/openbsd-x64': 0.25.11
      '@esbuild/openharmony-arm64': 0.25.11
      '@esbuild/sunos-x64': 0.25.11
      '@esbuild/win32-arm64': 0.25.11
      '@esbuild/win32-ia32': 0.25.11
      '@esbuild/win32-x64': 0.25.11

  estree-walker@2.0.2: {}

  eventemitter3@5.0.1: {}

  fdir@6.5.0(picomatch@4.0.3):
    optionalDependencies:
      picomatch: 4.0.3

  fsevents@2.3.3:
    optional: true

  he@1.2.0: {}

  magic-string@0.30.19:
    dependencies:
      '@jridgewell/sourcemap-codec': 1.5.5

  minimatch@9.0.5:
    dependencies:
      brace-expansion: 2.0.2

  muggle-string@0.4.1: {}

  nanoid@3.3.11: {}

  path-browserify@1.0.1: {}

  phaser@3.90.0:
    dependencies:
      eventemitter3: 5.0.1

  picocolors@1.1.1: {}

  picomatch@4.0.3: {}

  postcss@8.5.6:
    dependencies:
      nanoid: 3.3.11
      picocolors: 1.1.1
      source-map-js: 1.2.1

  rollup@4.52.5:
    dependencies:
      '@types/estree': 1.0.8
    optionalDependencies:
      '@rollup/rollup-android-arm-eabi': 4.52.5
      '@rollup/rollup-android-arm64': 4.52.5
      '@rollup/rollup-darwin-arm64': 4.52.5
      '@rollup/rollup-darwin-x64': 4.52.5
      '@rollup/rollup-freebsd-arm64': 4.52.5
      '@rollup/rollup-freebsd-x64': 4.52.5
      '@rollup/rollup-linux-arm-gnueabihf': 4.52.5
      '@rollup/rollup-linux-arm-musleabihf': 4.52.5
      '@rollup/rollup-linux-arm64-gnu': 4.52.5
      '@rollup/rollup-linux-arm64-musl': 4.52.5
      '@rollup/rollup-linux-loong64-gnu': 4.52.5
      '@rollup/rollup-linux-ppc64-gnu': 4.52.5
      '@rollup/rollup-linux-riscv64-gnu': 4.52.5
      '@rollup/rollup-linux-riscv64-musl': 4.52.5
      '@rollup/rollup-linux-s390x-gnu': 4.52.5
      '@rollup/rollup-linux-x64-gnu': 4.52.5
      '@rollup/rollup-linux-x64-musl': 4.52.5
      '@rollup/rollup-openharmony-arm64': 4.52.5
      '@rollup/rollup-win32-arm64-msvc': 4.52.5
      '@rollup/rollup-win32-ia32-msvc': 4.52.5
      '@rollup/rollup-win32-x64-gnu': 4.52.5
      '@rollup/rollup-win32-x64-msvc': 4.52.5
      fsevents: 2.3.3

  source-map-js@1.2.1: {}

  source-map-support@0.5.21:
    dependencies:
      buffer-from: 1.1.2
      source-map: 0.6.1

  source-map@0.6.1: {}

  terser@5.44.0:
    dependencies:
      '@jridgewell/source-map': 0.3.11
      acorn: 8.15.0
      commander: 2.20.3
      source-map-support: 0.5.21

  tinyglobby@0.2.15:
    dependencies:
      fdir: 6.5.0(picomatch@4.0.3)
      picomatch: 4.0.3

  typescript@5.7.3: {}

  undici-types@6.21.0: {}

  vite@6.4.1(@types/node@20.19.23)(terser@5.44.0):
    dependencies:
      esbuild: 0.25.11
      fdir: 6.5.0(picomatch@4.0.3)
      picomatch: 4.0.3
      postcss: 8.5.6
      rollup: 4.52.5
      tinyglobby: 0.2.15
    optionalDependencies:
      '@types/node': 20.19.23
      fsevents: 2.3.3
      terser: 5.44.0

  vscode-uri@3.1.0: {}

  vue-tsc@2.2.12(typescript@5.7.3):
    dependencies:
      '@volar/typescript': 2.4.15
      '@vue/language-core': 2.2.12(typescript@5.7.3)
      typescript: 5.7.3

  vue@3.5.13(typescript@5.7.3):
    dependencies:
      '@vue/compiler-dom': 3.5.13
      '@vue/compiler-sfc': 3.5.13
      '@vue/runtime-dom': 3.5.13
      '@vue/server-renderer': 3.5.13(vue@3.5.13(typescript@5.7.3))
      '@vue/shared': 3.5.13
    optionalDependencies:
      typescript: 5.7.3
